
Microsoft Visual Studio Solution File, Format Version 12.00
# Visual Studio Version 17
VisualStudioVersion = 17.7.34221.43
MinimumVisualStudioVersion = 10.0.40219.1
Project("{FAE04EC0-301F-11D3-BF4B-00C04F79EFBC}") = "TaskManagerApi", "TaskManagerApi\TaskManagerApi.csproj", "{6110CA37-EAD2-4E89-9796-1B6CE28453B7}"
EndProject
Global
	GlobalSection(SolutionConfigurationPlatforms) = preSolution
		Debug|Any CPU = Debug|Any CPU
		Release|Any CPU = Release|Any CPU
	EndGlobalSection
	GlobalSection(ProjectConfigurationPlatforms) = postSolution
		{6110CA37-EAD2-4E89-9796-1B6CE28453B7}.Debug|Any CPU.ActiveCfg = Debug|Any CPU
		{6110CA37-EAD2-4E89-9796-1B6CE28453B7}.Debug|Any CPU.Build.0 = Debug|Any CPU
		{6110CA37-EAD2-4E89-9796-1B6CE28453B7}.Release|Any CPU.ActiveCfg = Release|Any CPU
		{6110CA37-EAD2-4E89-9796-1B6CE28453B7}.Release|Any CPU.Build.0 = Release|Any CPU
	EndGlobalSection
	GlobalSection(SolutionProperties) = preSolution
		HideSolutionNode = FALSE
	EndGlobalSection
	GlobalSection(ExtensibilityGlobals) = postSolution
		SolutionGuid = {E4305ACA-B02D-42A8-A961-EF56D9C831C9}
	EndGlobalSection
EndGlobal
